// !$*UTF8*$!
{
	archiveVersion = 1;
	classes = {
	};
	objectVersion = 46;
	objects = {

/* Begin PBXBuildFile section */
		7723F5181F53B30F002B4EE1 /* AppDelegate.swift in Sources */ = {isa = PBXBuildFile; fileRef = 7723F5171F53B30F002B4EE1 /* AppDelegate.swift */; };
		7723F51A1F53B30F002B4EE1 /* ViewController.swift in Sources */ = {isa = PBXBuildFile; fileRef = 7723F5191F53B30F002B4EE1 /* ViewController.swift */; };
		7723F51D1F53B30F002B4EE1 /* Main.storyboard in Resources */ = {isa = PBXBuildFile; fileRef = 7723F51B1F53B30F002B4EE1 /* Main.storyboard */; };
		7723F51F1F53B30F002B4EE1 /* Assets.xcassets in Resources */ = {isa = PBXBuildFile; fileRef = 7723F51E1F53B30F002B4EE1 /* Assets.xcassets */; };
		7723F5221F53B30F002B4EE1 /* LaunchScreen.storyboard in Resources */ = {isa = PBXBuildFile; fileRef = 7723F5201F53B30F002B4EE1 /* LaunchScreen.storyboard */; };
		7723F5301F53B394002B4EE1 /* NotificationCenter.framework in Frameworks */ = {isa = PBXBuildFile; fileRef = 7723F52F1F53B394002B4EE1 /* NotificationCenter.framework */; };
		7723F5331F53B394002B4EE1 /* TodayViewController.swift in Sources */ = {isa = PBXBuildFile; fileRef = 7723F5321F53B394002B4EE1 /* TodayViewController.swift */; };
		7723F5361F53B394002B4EE1 /* MainInterface.storyboard in Resources */ = {isa = PBXBuildFile; fileRef = 7723F5341F53B394002B4EE1 /* MainInterface.storyboard */; };
		7723F53A1F53B394002B4EE1 /* TodayWeather.appex in Embed App Extensions */ = {isa = PBXBuildFile; fileRef = 7723F52D1F53B394002B4EE1 /* TodayWeather.appex */; settings = {ATTRIBUTES = (RemoveHeadersOnCopy, ); }; };
		7723F5401F53B3E0002B4EE1 /* NetworkManager.swift in Sources */ = {isa = PBXBuildFile; fileRef = 7723F53F1F53B3E0002B4EE1 /* NetworkManager.swift */; };
		7723F5421F53BE6C002B4EE1 /* LocationWeather.swift in Sources */ = {isa = PBXBuildFile; fileRef = 7723F5411F53BE6C002B4EE1 /* LocationWeather.swift */; };
		7723F5431F53CA37002B4EE1 /* NetworkManager.swift in Sources */ = {isa = PBXBuildFile; fileRef = 7723F53F1F53B3E0002B4EE1 /* NetworkManager.swift */; };
		7723F5441F53CA4E002B4EE1 /* LocationWeather.swift in Sources */ = {isa = PBXBuildFile; fileRef = 7723F5411F53BE6C002B4EE1 /* LocationWeather.swift */; };
/* End PBXBuildFile section */

/* Begin PBXContainerItemProxy section */
		7723F5381F53B394002B4EE1 /* PBXContainerItemProxy */ = {
			isa = PBXContainerItemProxy;
			containerPortal = 7723F50C1F53B30F002B4EE1 /* Project object */;
			proxyType = 1;
			remoteGlobalIDString = 7723F52C1F53B394002B4EE1;
			remoteInfo = TodayWeather;
		};
/* End PBXContainerItemProxy section */

/* Begin PBXCopyFilesBuildPhase section */
		7723F53E1F53B394002B4EE1 /* Embed App Extensions */ = {
			isa = PBXCopyFilesBuildPhase;
			buildActionMask = 2147483647;
			dstPath = "";
			dstSubfolderSpec = 13;
			files = (
				7723F53A1F53B394002B4EE1 /* TodayWeather.appex in Embed App Extensions */,
			);
			name = "Embed App Extensions";
			runOnlyForDeploymentPostprocessing = 0;
		};
/* End PBXCopyFilesBuildPhase section */

/* Begin PBXFileReference section */
		7723F5141F53B30F002B4EE1 /* Weathear.app */ = {isa = PBXFileReference; explicitFileType = wrapper.application; includeInIndex = 0; path = Weathear.app; sourceTree = BUILT_PRODUCTS_DIR; };
		7723F5171F53B30F002B4EE1 /* AppDelegate.swift */ = {isa = PBXFileReference; lastKnownFileType = sourcecode.swift; path = AppDelegate.swift; sourceTree = "<group>"; };
		7723F5191F53B30F002B4EE1 /* ViewController.swift */ = {isa = PBXFileReference; lastKnownFileType = sourcecode.swift; path = ViewController.swift; sourceTree = "<group>"; };
		7723F51C1F53B30F002B4EE1 /* Base */ = {isa = PBXFileReference; lastKnownFileType = file.storyboard; name = Base; path = Base.lproj/Main.storyboard; sourceTree = "<group>"; };
		7723F51E1F53B30F002B4EE1 /* Assets.xcassets */ = {isa = PBXFileReference; lastKnownFileType = folder.assetcatalog; path = Assets.xcassets; sourceTree = "<group>"; };
		7723F5211F53B30F002B4EE1 /* Base */ = {isa = PBXFileReference; lastKnownFileType = file.storyboard; name = Base; path = Base.lproj/LaunchScreen.storyboard; sourceTree = "<group>"; };
		7723F5231F53B30F002B4EE1 /* Info.plist */ = {isa = PBXFileReference; lastKnownFileType = text.plist.xml; path = Info.plist; sourceTree = "<group>"; };
		7723F52D1F53B394002B4EE1 /* TodayWeather.appex */ = {isa = PBXFileReference; explicitFileType = "wrapper.app-extension"; includeInIndex = 0; path = TodayWeather.appex; sourceTree = BUILT_PRODUCTS_DIR; };
		7723F52F1F53B394002B4EE1 /* NotificationCenter.framework */ = {isa = PBXFileReference; lastKnownFileType = wrapper.framework; name = NotificationCenter.framework; path = System/Library/Frameworks/NotificationCenter.framework; sourceTree = SDKROOT; };
		7723F5321F53B394002B4EE1 /* TodayViewController.swift */ = {isa = PBXFileReference; lastKnownFileType = sourcecode.swift; path = TodayViewController.swift; sourceTree = "<group>"; };
		7723F5351F53B394002B4EE1 /* Base */ = {isa = PBXFileReference; lastKnownFileType = file.storyboard; name = Base; path = Base.lproj/MainInterface.storyboard; sourceTree = "<group>"; };
		7723F5371F53B394002B4EE1 /* Info.plist */ = {isa = PBXFileReference; lastKnownFileType = text.plist.xml; path = Info.plist; sourceTree = "<group>"; };
		7723F53F1F53B3E0002B4EE1 /* NetworkManager.swift */ = {isa = PBXFileReference; fileEncoding = 4; lastKnownFileType = sourcecode.swift; path = NetworkManager.swift; sourceTree = "<group>"; };
		7723F5411F53BE6C002B4EE1 /* LocationWeather.swift */ = {isa = PBXFileReference; fileEncoding = 4; lastKnownFileType = sourcecode.swift; path = LocationWeather.swift; sourceTree = "<group>"; };
/* End PBXFileReference section */

/* Begin PBXFrameworksBuildPhase section */
		7723F5111F53B30F002B4EE1 /* Frameworks */ = {
			isa = PBXFrameworksBuildPhase;
			buildActionMask = 2147483647;
			files = (
			);
			runOnlyForDeploymentPostprocessing = 0;
		};
		7723F52A1F53B394002B4EE1 /* Frameworks */ = {
			isa = PBXFrameworksBuildPhase;
			buildActionMask = 2147483647;
			files = (
				7723F5301F53B394002B4EE1 /* NotificationCenter.framework in Frameworks */,
			);
			runOnlyForDeploymentPostprocessing = 0;
		};
/* End PBXFrameworksBuildPhase section */

/* Begin PBXGroup section */
		7723F50B1F53B30F002B4EE1 = {
			isa = PBXGroup;
			children = (
				7723F5161F53B30F002B4EE1 /* Weathear */,
				7723F5311F53B394002B4EE1 /* TodayWeather */,
				7723F52E1F53B394002B4EE1 /* Frameworks */,
				7723F5151F53B30F002B4EE1 /* Products */,
			);
			sourceTree = "<group>";
		};
		7723F5151F53B30F002B4EE1 /* Products */ = {
			isa = PBXGroup;
			children = (
				7723F5141F53B30F002B4EE1 /* Weathear.app */,
				7723F52D1F53B394002B4EE1 /* TodayWeather.appex */,
			);
			name = Products;
			sourceTree = "<group>";
		};
		7723F5161F53B30F002B4EE1 /* Weathear */ = {
			isa = PBXGroup;
			children = (
				7723F5171F53B30F002B4EE1 /* AppDelegate.swift */,
				7723F5191F53B30F002B4EE1 /* ViewController.swift */,
				7723F53F1F53B3E0002B4EE1 /* NetworkManager.swift */,
				7723F5411F53BE6C002B4EE1 /* LocationWeather.swift */,
				7723F51B1F53B30F002B4EE1 /* Main.storyboard */,
				7723F51E1F53B30F002B4EE1 /* Assets.xcassets */,
				7723F5201F53B30F002B4EE1 /* LaunchScreen.storyboard */,
				7723F5231F53B30F002B4EE1 /* Info.plist */,
			);
			path = Weathear;
			sourceTree = "<group>";
		};
		7723F52E1F53B394002B4EE1 /* Frameworks */ = {
			isa = PBXGroup;
			children = (
				7723F52F1F53B394002B4EE1 /* NotificationCenter.framework */,
			);
			name = Frameworks;
			sourceTree = "<group>";
		};
		7723F5311F53B394002B4EE1 /* TodayWeather */ = {
			isa = PBXGroup;
			children = (
				7723F5321F53B394002B4EE1 /* TodayViewController.swift */,
				7723F5341F53B394002B4EE1 /* MainInterface.storyboard */,
				7723F5371F53B394002B4EE1 /* Info.plist */,
			);
			path = TodayWeather;
			sourceTree = "<group>";
		};
/* End PBXGroup section */

/* Begin PBXNativeTarget section */
		7723F5131F53B30F002B4EE1 /* Weathear */ = {
			isa = PBXNativeTarget;
			buildConfigurationList = 7723F5261F53B30F002B4EE1 /* Build configuration list for PBXNativeTarget "Weathear" */;
			buildPhases = (
				7723F5101F53B30F002B4EE1 /* Sources */,
				7723F5111F53B30F002B4EE1 /* Frameworks */,
				7723F5121F53B30F002B4EE1 /* Resources */,
				7723F53E1F53B394002B4EE1 /* Embed App Extensions */,
			);
			buildRules = (
			);
			dependencies = (
				7723F5391F53B394002B4EE1 /* PBXTargetDependency */,
			);
			name = Weathear;
			productName = Weathear;
			productReference = 7723F5141F53B30F002B4EE1 /* Weathear.app */;
			productType = "com.apple.product-type.application";
		};
		7723F52C1F53B394002B4EE1 /* TodayWeather */ = {
			isa = PBXNativeTarget;
			buildConfigurationList = 7723F53B1F53B394002B4EE1 /* Build configuration list for PBXNativeTarget "TodayWeather" */;
			buildPhases = (
				7723F5291F53B394002B4EE1 /* Sources */,
				7723F52A1F53B394002B4EE1 /* Frameworks */,
				7723F52B1F53B394002B4EE1 /* Resources */,
			);
			buildRules = (
			);
			dependencies = (
			);
			name = TodayWeather;
			productName = TodayWeather;
			productReference = 7723F52D1F53B394002B4EE1 /* TodayWeather.appex */;
			productType = "com.apple.product-type.app-extension";
		};
/* End PBXNativeTarget section */

/* Begin PBXProject section */
		7723F50C1F53B30F002B4EE1 /* Project object */ = {
			isa = PBXProject;
			attributes = {
				LastSwiftUpdateCheck = 0830;
				LastUpgradeCheck = 0830;
				ORGANIZATIONNAME = ban9ban3;
				TargetAttributes = {
					7723F5131F53B30F002B4EE1 = {
						CreatedOnToolsVersion = 8.3.3;
						DevelopmentTeam = UEHM6HGACJ;
						ProvisioningStyle = Automatic;
					};
					7723F52C1F53B394002B4EE1 = {
						CreatedOnToolsVersion = 8.3.3;
						DevelopmentTeam = UEHM6HGACJ;
						ProvisioningStyle = Automatic;
					};
				};
			};
			buildConfigurationList = 7723F50F1F53B30F002B4EE1 /* Build configuration list for PBXProject "Weathear" */;
			compatibilityVersion = "Xcode 3.2";
			developmentRegion = English;
			hasScannedForEncodings = 0;
			knownRegions = (
				en,
				Base,
			);
			mainGroup = 7723F50B1F53B30F002B4EE1;
			productRefGroup = 7723F5151F53B30F002B4EE1 /* Products */;
			projectDirPath = "";
			projectRoot = "";
			targets = (
				7723F5131F53B30F002B4EE1 /* Weathear */,
				7723F52C1F53B394002B4EE1 /* TodayWeather */,
			);
		};
/* End PBXProject section */

/* Begin PBXResourcesBuildPhase section */
		7723F5121F53B30F002B4EE1 /* Resources */ = {
			isa = PBXResourcesBuildPhase;
			buildActionMask = 2147483647;
			files = (
				7723F5221F53B30F002B4EE1 /* LaunchScreen.storyboard in Resources */,
				7723F51F1F53B30F002B4EE1 /* Assets.xcassets in Resources */,
				7723F51D1F53B30F002B4EE1 /* Main.storyboard in Resources */,
			);
			runOnlyForDeploymentPostprocessing = 0;
		};
		7723F52B1F53B394002B4EE1 /* Resources */ = {
			isa = PBXResourcesBuildPhase;
			buildActionMask = 2147483647;
			files = (
				7723F5361F53B394002B4EE1 /* MainInterface.storyboard in Resources */,
			);
			runOnlyForDeploymentPostprocessing = 0;
		};
/* End PBXResourcesBuildPhase section */

/* Begin PBXSourcesBuildPhase section */
		7723F5101F53B30F002B4EE1 /* Sources */ = {
			isa = PBXSourcesBuildPhase;
			buildActionMask = 2147483647;
			files = (
				7723F5401F53B3E0002B4EE1 /* NetworkManager.swift in Sources */,
				7723F5421F53BE6C002B4EE1 /* LocationWeather.swift in Sources */,
				7723F51A1F53B30F002B4EE1 /* ViewController.swift in Sources */,
				7723F5181F53B30F002B4EE1 /* AppDelegate.swift in Sources */,
			);
			runOnlyForDeploymentPostprocessing = 0;
		};
		7723F5291F53B394002B4EE1 /* Sources */ = {
			isa = PBXSourcesBuildPhase;
			buildActionMask = 2147483647;
			files = (
				7723F5441F53CA4E002B4EE1 /* LocationWeather.swift in Sources */,
				7723F5431F53CA37002B4EE1 /* NetworkManager.swift in Sources */,
				7723F5331F53B394002B4EE1 /* TodayViewController.swift in Sources */,
			);
			runOnlyForDeploymentPostprocessing = 0;
		};
/* End PBXSourcesBuildPhase section */

/* Begin PBXTargetDependency section */
		7723F5391F53B394002B4EE1 /* PBXTargetDependency */ = {
			isa = PBXTargetDependency;
			target = 7723F52C1F53B394002B4EE1 /* TodayWeather */;
			targetProxy = 7723F5381F53B394002B4EE1 /* PBXContainerItemProxy */;
		};
/* End PBXTargetDependency section */

/* Begin PBXVariantGroup section */
		7723F51B1F53B30F002B4EE1 /* Main.storyboard */ = {
			isa = PBXVariantGroup;
			children = (
				7723F51C1F53B30F002B4EE1 /* Base */,
			);
			name = Main.storyboard;
			sourceTree = "<group>";
		};
		7723F5201F53B30F002B4EE1 /* LaunchScreen.storyboard */ = {
			isa = PBXVariantGroup;
			children = (
				7723F5211F53B30F002B4EE1 /* Base */,
			);
			name = LaunchScreen.storyboard;
			sourceTree = "<group>";
		};
		7723F5341F53B394002B4EE1 /* MainInterface.storyboard */ = {
			isa = PBXVariantGroup;
			children = (
				7723F5351F53B394002B4EE1 /* Base */,
			);
			name = MainInterface.storyboard;
			sourceTree = "<group>";
		};
/* End PBXVariantGroup section */

/* Begin XCBuildConfiguration section */
		7723F5241F53B30F002B4EE1 /* Debug */ = {
			isa = XCBuildConfiguration;
			buildSettings = {
				ALWAYS_SEARCH_USER_PATHS = NO;
				CLANG_ANALYZER_NONNULL = YES;
				CLANG_ANALYZER_NUMBER_OBJECT_CONVERSION = YES_AGGRESSIVE;
				CLANG_CXX_LANGUAGE_STANDARD = "gnu++0x";
				CLANG_CXX_LIBRARY = "libc++";
				CLANG_ENABLE_MODULES = YES;
				CLANG_ENABLE_OBJC_ARC = YES;
				CLANG_WARN_BOOL_CONVERSION = YES;
				CLANG_WARN_CONSTANT_CONVERSION = YES;
				CLANG_WARN_DIRECT_OBJC_ISA_USAGE = YES_ERROR;
				CLANG_WARN_DOCUMENTATION_COMMENTS = YES;
				CLANG_WARN_EMPTY_BODY = YES;
				CLANG_WARN_ENUM_CONVERSION = YES;
				CLANG_WARN_INFINITE_RECURSION = YES;
				CLANG_WARN_INT_CONVERSION = YES;
				CLANG_WARN_OBJC_ROOT_CLASS = YES_ERROR;
				CLANG_WARN_SUSPICIOUS_MOVE = YES;
				CLANG_WARN_UNREACHABLE_CODE = YES;
				CLANG_WARN__DUPLICATE_METHOD_MATCH = YES;
				"CODE_SIGN_IDENTITY[sdk=iphoneos*]" = "iPhone Developer";
				COPY_PHASE_STRIP = NO;
				DEBUG_INFORMATION_FORMAT = dwarf;
				ENABLE_STRICT_OBJC_MSGSEND = YES;
				ENABLE_TESTABILITY = YES;
				GCC_C_LANGUAGE_STANDARD = gnu99;
				GCC_DYNAMIC_NO_PIC = NO;
				GCC_NO_COMMON_BLOCKS = YES;
				GCC_OPTIMIZATION_LEVEL = 0;
				GCC_PREPROCESSOR_DEFINITIONS = (
					"DEBUG=1",
					"$(inherited)",
				);
				GCC_WARN_64_TO_32_BIT_CONVERSION = YES;
				GCC_WARN_ABOUT_RETURN_TYPE = YES_ERROR;
				GCC_WARN_UNDECLARED_SELECTOR = YES;
				GCC_WARN_UNINITIALIZED_AUTOS = YES_AGGRESSIVE;
				GCC_WARN_UNUSED_FUNCTION = YES;
				GCC_WARN_UNUSED_VARIABLE = YES;
				IPHONEOS_DEPLOYMENT_TARGET = 10.3;
				MTL_ENABLE_DEBUG_INFO = YES;
				ONLY_ACTIVE_ARCH = YES;
				SDKROOT = iphoneos;
				SWIFT_ACTIVE_COMPILATION_CONDITIONS = DEBUG;
				SWIFT_OPTIMIZATION_LEVEL = "-Onone";
				TARGETED_DEVICE_FAMILY = "1,2";
			};
			name = Debug;
		};
		7723F5251F53B30F002B4EE1 /* Release */ = {
			isa = XCBuildConfiguration;
			buildSettings = {
				ALWAYS_SEARCH_USER_PATHS = NO;
				CLANG_ANALYZER_NONNULL = YES;
				CLANG_ANALYZER_NUMBER_OBJECT_CONVERSION = YES_AGGRESSIVE;
				CLANG_CXX_LANGUAGE_STANDARD = "gnu++0x";
				CLANG_CXX_LIBRARY = "libc++";
				CLANG_ENABLE_MODULES = YES;
				CLANG_ENABLE_OBJC_ARC = YES;
				CLANG_WARN_BOOL_CONVERSION = YES;
				CLANG_WARN_CONSTANT_CONVERSION = YES;
				CLANG_WARN_DIRECT_OBJC_ISA_USAGE = YES_ERROR;
				CLANG_WARN_DOCUMENTATION_COMMENTS = YES;
				CLANG_WARN_EMPTY_BODY = YES;
				CLANG_WARN_ENUM_CONVERSION = YES;
				CLANG_WARN_INFINITE_RECURSION = YES;
				CLANG_WARN_INT_CONVERSION = YES;
				CLANG_WARN_OBJC_ROOT_CLASS = YES_ERROR;
				CLANG_WARN_SUSPICIOUS_MOVE = YES;
				CLANG_WARN_UNREACHABLE_CODE = YES;
				CLANG_WARN__DUPLICATE_METHOD_MATCH = YES;
				"CODE_SIGN_IDENTITY[sdk=iphoneos*]" = "iPhone Developer";
				COPY_PHASE_STRIP = NO;
				DEBUG_INFORMATION_FORMAT = "dwarf-with-dsym";
				ENABLE_NS_ASSERTIONS = NO;
				ENABLE_STRICT_OBJC_MSGSEND = YES;
				GCC_C_LANGUAGE_STANDARD = gnu99;
				GCC_NO_COMMON_BLOCKS = YES;
				GCC_WARN_64_TO_32_BIT_CONVERSION = YES;
				GCC_WARN_ABOUT_RETURN_TYPE = YES_ERROR;
				GCC_WARN_UNDECLARED_SELECTOR = YES;
				GCC_WARN_UNINITIALIZED_AUTOS = YES_AGGRESSIVE;
				GCC_WARN_UNUSED_FUNCTION = YES;
				GCC_WARN_UNUSED_VARIABLE = YES;
				IPHONEOS_DEPLOYMENT_TARGET = 10.3;
				MTL_ENABLE_DEBUG_INFO = NO;
				SDKROOT = iphoneos;
				SWIFT_OPTIMIZATION_LEVEL = "-Owholemodule";
				TARGETED_DEVICE_FAMILY = "1,2";
				VALIDATE_PRODUCT = YES;
			};
			name = Release;
		};
		7723F5271F53B30F002B4EE1 /* Debug */ = {
			isa = XCBuildConfiguration;
			buildSettings = {
				ALWAYS_EMBED_SWIFT_STANDARD_LIBRARIES = YES;
				ASSETCATALOG_COMPILER_APPICON_NAME = AppIcon;
				DEVELOPMENT_TEAM = UEHM6HGACJ;
				INFOPLIST_FILE = Weathear/Info.plist;
				LD_RUNPATH_SEARCH_PATHS = "$(inherited) @executable_path/Frameworks";
				PRODUCT_BUNDLE_IDENTIFIER = com.ban9ban3.Weathear;
				PRODUCT_NAME = "$(TARGET_NAME)";
				SWIFT_VERSION = 3.0;
			};
			name = Debug;
		};
		7723F5281F53B30F002B4EE1 /* Release */ = {
			isa = XCBuildConfiguration;
			buildSettings = {
				ALWAYS_EMBED_SWIFT_STANDARD_LIBRARIES = YES;
				ASSETCATALOG_COMPILER_APPICON_NAME = AppIcon;
				DEVELOPMENT_TEAM = UEHM6HGACJ;
				INFOPLIST_FILE = Weathear/Info.plist;
				LD_RUNPATH_SEARCH_PATHS = "$(inherited) @executable_path/Frameworks";
				PRODUCT_BUNDLE_IDENTIFIER = com.ban9ban3.Weathear;
				PRODUCT_NAME = "$(TARGET_NAME)";
				SWIFT_VERSION = 3.0;
			};
			name = Release;
		};
		7723F53C1F53B394002B4EE1 /* Debug */ = {
			isa = XCBuildConfiguration;
			buildSettings = {
				DEVELOPMENT_TEAM = UEHM6HGACJ;
				INFOPLIST_FILE = TodayWeather/Info.plist;
				LD_RUNPATH_SEARCH_PATHS = "$(inherited) @executable_path/Frameworks @executable_path/../../Frameworks";
				PRODUCT_BUNDLE_IDENTIFIER = com.ban9ban3.Weathear.TodayWeather;
				PRODUCT_NAME = "$(TARGET_NAME)";
				SKIP_INSTALL = YES;
				SWIFT_VERSION = 3.0;
			};
			name = Debug;
		};
		7723F53D1F53B394002B4EE1 /* Release */ = {
			isa = XCBuildConfiguration;
			buildSettings = {
				DEVELOPMENT_TEAM = UEHM6HGACJ;
				INFOPLIST_FILE = TodayWeather/Info.plist;
				LD_RUNPATH_SEARCH_PATHS = "$(inherited) @executable_path/Frameworks @executable_path/../../Frameworks";
				PRODUCT_BUNDLE_IDENTIFIER = com.ban9ban3.Weathear.TodayWeather;
				PRODUCT_NAME = "$(TARGET_NAME)";
				SKIP_INSTALL = YES;
				SWIFT_VERSION = 3.0;
			};
			name = Release;
		};
/* End XCBuildConfiguration section */

/* Begin XCConfigurationList section */
		7723F50F1F53B30F002B4EE1 /* Build configuration list for PBXProject "Weathear" */ = {
			isa = XCConfigurationList;
			buildConfigurations = (
				7723F5241F53B30F002B4EE1 /* Debug */,
				7723F5251F53B30F002B4EE1 /* Release */,
			);
			defaultConfigurationIsVisible = 0;
			defaultConfigurationName = Release;
		};
		7723F5261F53B30F002B4EE1 /* Build configuration list for PBXNativeTarget "Weathear" */ = {
			isa = XCConfigurationList;
			buildConfigurations = (
				7723F5271F53B30F002B4EE1 /* Debug */,
				7723F5281F53B30F002B4EE1 /* Release */,
			);
			defaultConfigurationIsVisible = 0;
		};
		7723F53B1F53B394002B4EE1 /* Build configuration list for PBXNativeTarget "TodayWeather" */ = {
			isa = XCConfigurationList;
			buildConfigurations = (
				7723F53C1F53B394002B4EE1 /* Debug */,
				7723F53D1F53B394002B4EE1 /* Release */,
			);
			defaultConfigurationIsVisible = 0;
		};
/* End XCConfigurationList section */
	};
	rootObject = 7723F50C1F53B30F002B4EE1 /* Project object */;
}
